
Microsoft Visual Studio Solution File, Format Version 12.00
# Visual Studio Version 16
VisualStudioVersion = 16.0.31112.23
MinimumVisualStudioVersion = 10.0.40219.1
Project("{FAE04EC0-301F-11D3-BF4B-00C04F79EFBC}") = "ClassMetotDemo", "ClassMetotDemo\ClassMetotDemo.csproj", "{7D300E42-D9F7-4C6D-84D7-FB06B673612B}"
EndProject
Global
	GlobalSection(SolutionConfigurationPlatforms) = preSolution
		Debug|Any CPU = Debug|Any CPU
		Release|Any CPU = Release|Any CPU
	EndGlobalSection
	GlobalSection(ProjectConfigurationPlatforms) = postSolution
		{7D300E42-D9F7-4C6D-84D7-FB06B673612B}.Debug|Any CPU.ActiveCfg = Debug|Any CPU
		{7D300E42-D9F7-4C6D-84D7-FB06B673612B}.Debug|Any CPU.Build.0 = Debug|Any CPU
		{7D300E42-D9F7-4C6D-84D7-FB06B673612B}.Release|Any CPU.ActiveCfg = Release|Any CPU
		{7D300E42-D9F7-4C6D-84D7-FB06B673612B}.Release|Any CPU.Build.0 = Release|Any CPU
	EndGlobalSection
	GlobalSection(SolutionProperties) = preSolution
		HideSolutionNode = FALSE
	EndGlobalSection
	GlobalSection(ExtensibilityGlobals) = postSolution
		SolutionGuid = {F86FDB8D-EF91-469A-A2E7-823A637B4598}
	EndGlobalSection
EndGlobal
